
Microsoft Visual Studio Solution File, Format Version 12.00
# Visual Studio 14
VisualStudioVersion = 14.0.25420.1
MinimumVisualStudioVersion = 10.0.40219.1
Project("{FAE04EC0-301F-11D3-BF4B-00C04F79EFBC}") = "SteamActivator", "SteamActivator.csproj", "{D5FDEE31-328A-46E2-B487-FC40BEA1C07B}"
EndProject
Project("{FAE04EC0-301F-11D3-BF4B-00C04F79EFBC}") = "Steam4NET", "Steam4NET2\Steam4NET.csproj", "{1A204257-FE82-4BBE-9ED4-40694821C31F}"
EndProject
Project("{FAE04EC0-301F-11D3-BF4B-00C04F79EFBC}") = "SteamActivatorTest", "SteamActivatorTest\SteamActivatorTest.csproj", "{C43901BB-543B-4C9E-8D72-68406A1856D6}"
EndProject
Global
	GlobalSection(SolutionConfigurationPlatforms) = preSolution
		Debug|Any CPU = Debug|Any CPU
		Release|Any CPU = Release|Any CPU
	EndGlobalSection
	GlobalSection(ProjectConfigurationPlatforms) = postSolution
		{D5FDEE31-328A-46E2-B487-FC40BEA1C07B}.Debug|Any CPU.ActiveCfg = Debug|Any CPU
		{D5FDEE31-328A-46E2-B487-FC40BEA1C07B}.Debug|Any CPU.Build.0 = Debug|Any CPU
		{D5FDEE31-328A-46E2-B487-FC40BEA1C07B}.Release|Any CPU.ActiveCfg = Release|Any CPU
		{D5FDEE31-328A-46E2-B487-FC40BEA1C07B}.Release|Any CPU.Build.0 = Release|Any CPU
		{1A204257-FE82-4BBE-9ED4-40694821C31F}.Debug|Any CPU.ActiveCfg = Debug|Any CPU
		{1A204257-FE82-4BBE-9ED4-40694821C31F}.Debug|Any CPU.Build.0 = Debug|Any CPU
		{1A204257-FE82-4BBE-9ED4-40694821C31F}.Release|Any CPU.ActiveCfg = Release|Any CPU
		{1A204257-FE82-4BBE-9ED4-40694821C31F}.Release|Any CPU.Build.0 = Release|Any CPU
		{C43901BB-543B-4C9E-8D72-68406A1856D6}.Debug|Any CPU.ActiveCfg = Debug|Any CPU
		{C43901BB-543B-4C9E-8D72-68406A1856D6}.Debug|Any CPU.Build.0 = Debug|Any CPU
		{C43901BB-543B-4C9E-8D72-68406A1856D6}.Release|Any CPU.ActiveCfg = Release|Any CPU
		{C43901BB-543B-4C9E-8D72-68406A1856D6}.Release|Any CPU.Build.0 = Release|Any CPU
	EndGlobalSection
	GlobalSection(SolutionProperties) = preSolution
		HideSolutionNode = FALSE
	EndGlobalSection
EndGlobal
